
Microsoft Visual Studio Solution File, Format Version 12.00
# Visual Studio Version 17
VisualStudioVersion = 17.7.34202.233
MinimumVisualStudioVersion = 10.0.40219.1
Project("{FAE04EC0-301F-11D3-BF4B-00C04F79EFBC}") = "Projet-Algo-S3", "Projet-Algo-S3.csproj", "{01F67C0B-26DE-42F8-A2F4-8BEE9AAB15C9}"
EndProject
Global
	GlobalSection(SolutionConfigurationPlatforms) = preSolution
		Debug|Any CPU = Debug|Any CPU
		Release|Any CPU = Release|Any CPU
	EndGlobalSection
	GlobalSection(ProjectConfigurationPlatforms) = postSolution
		{01F67C0B-26DE-42F8-A2F4-8BEE9AAB15C9}.Debug|Any CPU.ActiveCfg = Debug|Any CPU
		{01F67C0B-26DE-42F8-A2F4-8BEE9AAB15C9}.Debug|Any CPU.Build.0 = Debug|Any CPU
		{01F67C0B-26DE-42F8-A2F4-8BEE9AAB15C9}.Release|Any CPU.ActiveCfg = Release|Any CPU
		{01F67C0B-26DE-42F8-A2F4-8BEE9AAB15C9}.Release|Any CPU.Build.0 = Release|Any CPU
	EndGlobalSection
	GlobalSection(SolutionProperties) = preSolution
		HideSolutionNode = FALSE
	EndGlobalSection
	GlobalSection(ExtensibilityGlobals) = postSolution
		SolutionGuid = {228F6F44-C735-47A2-93DC-6EA8D4F03026}
	EndGlobalSection
EndGlobal
